{
  "name": "@loolabs/waterpark-common",
  "version": "0.0.1",
  "lockfileVersion": 2,
  "requires": true,
  "packages": {
    "": {
      "name": "@loolabs/waterpark-common",
      "version": "0.0.1",
      "license": "ISC",
      "dependencies": {
        "io-ts": "^2.2.16"
      },
      "devDependencies": {}
    },
    "node_modules/fp-ts": {
      "version": "2.10.4",
      "resolved": "https://registry.npmjs.org/fp-ts/-/fp-ts-2.10.4.tgz",
      "integrity": "sha512-vMTB5zNc9PnE20q145PNbkiL9P9WegwmKVOFloi/NfHnPdAlcob6I3AKqlH/9u3k3/M/GOftZhcJdBrb+NtnDA==",
      "peer": true
    },
    "node_modules/io-ts": {
      "version": "2.2.16",
      "resolved": "https://registry.npmjs.org/io-ts/-/io-ts-2.2.16.tgz",
      "integrity": "sha512-y5TTSa6VP6le0hhmIyN0dqEXkrZeJLeC5KApJq6VLci3UEKF80lZ+KuoUs02RhBxNWlrqSNxzfI7otLX1Euv8Q==",
      "peerDependencies": {
        "fp-ts": "^2.5.0"
      }
    }
  },
  "dependencies": {
    "fp-ts": {
      "version": "2.10.4",
      "resolved": "https://registry.npmjs.org/fp-ts/-/fp-ts-2.10.4.tgz",
      "integrity": "sha512-vMTB5zNc9PnE20q145PNbkiL9P9WegwmKVOFloi/NfHnPdAlcob6I3AKqlH/9u3k3/M/GOftZhcJdBrb+NtnDA==",
      "peer": true
    },
    "io-ts": {
      "version": "2.2.16",
      "resolved": "https://registry.npmjs.org/io-ts/-/io-ts-2.2.16.tgz",
      "integrity": "sha512-y5TTSa6VP6le0hhmIyN0dqEXkrZeJLeC5KApJq6VLci3UEKF80lZ+KuoUs02RhBxNWlrqSNxzfI7otLX1Euv8Q==",
      "requires": {}
    }
  }
}
